
Microsoft Visual Studio Solution File, Format Version 12.00
# Visual Studio 15
VisualStudioVersion = 15.0.28307.489
MinimumVisualStudioVersion = 10.0.40219.1
Project("{9A19103F-16F7-4668-BE54-9A1E7A4F7556}") = "Deamon", "C:\Users\17440\source\repos\Deamon v1.0\Deamon\Deamon.csproj", "{9BAE66C6-F165-4447-8958-134E5B59CEB4}"
EndProject
Global
	GlobalSection(SolutionConfigurationPlatforms) = preSolution
		Debug|Any CPU = Debug|Any CPU
		Release|Any CPU = Release|Any CPU
	EndGlobalSection
	GlobalSection(ProjectConfigurationPlatforms) = postSolution
		{9BAE66C6-F165-4447-8958-134E5B59CEB4}.Debug|Any CPU.ActiveCfg = Debug|Any CPU
		{9BAE66C6-F165-4447-8958-134E5B59CEB4}.Debug|Any CPU.Build.0 = Debug|Any CPU
		{9BAE66C6-F165-4447-8958-134E5B59CEB4}.Release|Any CPU.ActiveCfg = Release|Any CPU
		{9BAE66C6-F165-4447-8958-134E5B59CEB4}.Release|Any CPU.Build.0 = Release|Any CPU
	EndGlobalSection
	GlobalSection(SolutionProperties) = preSolution
		HideSolutionNode = FALSE
	EndGlobalSection
	GlobalSection(ExtensibilityGlobals) = postSolution
		SolutionGuid = {4ACA9CDB-69E0-4F3B-8854-9B2F56750CB8}
	EndGlobalSection
EndGlobal
